
Microsoft Visual Studio Solution File, Format Version 12.00
# Visual Studio Version 17
VisualStudioVersion = 17.4.33213.308
MinimumVisualStudioVersion = 10.0.40219.1
Project("{9A19103F-16F7-4668-BE54-9A1E7A4F7556}") = "PhoneBookApp", "PhoneBookApp\PhoneBookApp.csproj", "{75B9A227-5948-4B5A-AE38-C2D2E2DEC77E}"
EndProject
Project("{9A19103F-16F7-4668-BE54-9A1E7A4F7556}") = "PhoneBookApp.Tests", "PhoneBookApp.Tests\PhoneBookApp.Tests.csproj", "{873A11AE-9EDC-4B64-AD7F-05FB29C3E4A2}"
EndProject
Project("{FAE04EC0-301F-11D3-BF4B-00C04F79EFBC}") = "WpfApp1", "WpfApp1\WpfApp1.csproj", "{350B0FB1-1437-4441-A57D-C320CD0D62D2}"
EndProject
Global
	GlobalSection(SolutionConfigurationPlatforms) = preSolution
		Debug|Any CPU = Debug|Any CPU
		Release|Any CPU = Release|Any CPU
	EndGlobalSection
	GlobalSection(ProjectConfigurationPlatforms) = postSolution
		{75B9A227-5948-4B5A-AE38-C2D2E2DEC77E}.Debug|Any CPU.ActiveCfg = Debug|Any CPU
		{75B9A227-5948-4B5A-AE38-C2D2E2DEC77E}.Debug|Any CPU.Build.0 = Debug|Any CPU
		{75B9A227-5948-4B5A-AE38-C2D2E2DEC77E}.Release|Any CPU.ActiveCfg = Release|Any CPU
		{75B9A227-5948-4B5A-AE38-C2D2E2DEC77E}.Release|Any CPU.Build.0 = Release|Any CPU
		{873A11AE-9EDC-4B64-AD7F-05FB29C3E4A2}.Debug|Any CPU.ActiveCfg = Debug|Any CPU
		{873A11AE-9EDC-4B64-AD7F-05FB29C3E4A2}.Debug|Any CPU.Build.0 = Debug|Any CPU
		{873A11AE-9EDC-4B64-AD7F-05FB29C3E4A2}.Release|Any CPU.ActiveCfg = Release|Any CPU
		{873A11AE-9EDC-4B64-AD7F-05FB29C3E4A2}.Release|Any CPU.Build.0 = Release|Any CPU
		{350B0FB1-1437-4441-A57D-C320CD0D62D2}.Debug|Any CPU.ActiveCfg = Debug|Any CPU
		{350B0FB1-1437-4441-A57D-C320CD0D62D2}.Debug|Any CPU.Build.0 = Debug|Any CPU
		{350B0FB1-1437-4441-A57D-C320CD0D62D2}.Release|Any CPU.ActiveCfg = Release|Any CPU
		{350B0FB1-1437-4441-A57D-C320CD0D62D2}.Release|Any CPU.Build.0 = Release|Any CPU
	EndGlobalSection
	GlobalSection(SolutionProperties) = preSolution
		HideSolutionNode = FALSE
	EndGlobalSection
	GlobalSection(ExtensibilityGlobals) = postSolution
		SolutionGuid = {774D5E63-7DE6-43D7-8F6A-D76D6572E0C5}
	EndGlobalSection
EndGlobal
